
Microsoft Visual Studio Solution File, Format Version 12.00
# Visual Studio Version 18
VisualStudioVersion = 18.0.11123.170
MinimumVisualStudioVersion = 10.0.40219.1
Project("{FAE04EC0-301F-11D3-BF4B-00C04F79EFBC}") = "VL.Fu", "VL.Fu\src\VL.Fu.csproj", "{A69C4626-3F51-B22F-A5AD-A75F48F7F5AE}"
EndProject
Project("{FAE04EC0-301F-11D3-BF4B-00C04F79EFBC}") = "VL.Fu.Core", "VL.Fu.Core\src\VL.Fu.Core.csproj", "{DFE5BB4C-FB41-4711-B521-8DB3C0E016B7}"
EndProject
Project("{FAE04EC0-301F-11D3-BF4B-00C04F79EFBC}") = "VL.Fu.WinForms", "VL.Fu.WinForms\src\VL.Fu.WinForms.csproj", "{782F52FD-EC95-05A4-ECF9-C43EFC9955DC}"
EndProject
Global
	GlobalSection(SolutionConfigurationPlatforms) = preSolution
		Debug|Any CPU = Debug|Any CPU
		Release|Any CPU = Release|Any CPU
	EndGlobalSection
	GlobalSection(ProjectConfigurationPlatforms) = postSolution
		{A69C4626-3F51-B22F-A5AD-A75F48F7F5AE}.Debug|Any CPU.ActiveCfg = Debug|Any CPU
		{A69C4626-3F51-B22F-A5AD-A75F48F7F5AE}.Debug|Any CPU.Build.0 = Debug|Any CPU
		{A69C4626-3F51-B22F-A5AD-A75F48F7F5AE}.Release|Any CPU.ActiveCfg = Release|Any CPU
		{A69C4626-3F51-B22F-A5AD-A75F48F7F5AE}.Release|Any CPU.Build.0 = Release|Any CPU
		{DFE5BB4C-FB41-4711-B521-8DB3C0E016B7}.Debug|Any CPU.ActiveCfg = Debug|Any CPU
		{DFE5BB4C-FB41-4711-B521-8DB3C0E016B7}.Debug|Any CPU.Build.0 = Debug|Any CPU
		{DFE5BB4C-FB41-4711-B521-8DB3C0E016B7}.Release|Any CPU.ActiveCfg = Release|Any CPU
		{DFE5BB4C-FB41-4711-B521-8DB3C0E016B7}.Release|Any CPU.Build.0 = Release|Any CPU
		{782F52FD-EC95-05A4-ECF9-C43EFC9955DC}.Debug|Any CPU.ActiveCfg = Debug|Any CPU
		{782F52FD-EC95-05A4-ECF9-C43EFC9955DC}.Debug|Any CPU.Build.0 = Debug|Any CPU
		{782F52FD-EC95-05A4-ECF9-C43EFC9955DC}.Release|Any CPU.ActiveCfg = Release|Any CPU
		{782F52FD-EC95-05A4-ECF9-C43EFC9955DC}.Release|Any CPU.Build.0 = Release|Any CPU
	EndGlobalSection
	GlobalSection(SolutionProperties) = preSolution
		HideSolutionNode = FALSE
	EndGlobalSection
	GlobalSection(ExtensibilityGlobals) = postSolution
		SolutionGuid = {8E1C773D-0B1B-4EEF-885D-1E652F12A80D}
	EndGlobalSection
EndGlobal
